
Microsoft Visual Studio Solution File, Format Version 12.00
# Visual Studio Version 16
VisualStudioVersion = 16.0.30204.135
MinimumVisualStudioVersion = 10.0.40219.1
Project("{FAE04EC0-301F-11D3-BF4B-00C04F79EFBC}") = "DumpGiagantor", "DumpGiagantor.csproj", "{686F1F84-AF92-466F-83A5-4175EA237180}"
EndProject
Project("{FAE04EC0-301F-11D3-BF4B-00C04F79EFBC}") = "Loaders", "..\Loaders\Loaders.csproj", "{4591EC41-5CA0-430C-9827-11DCCEE8CD18}"
EndProject
Global
	GlobalSection(SolutionConfigurationPlatforms) = preSolution
		Debug|Any CPU = Debug|Any CPU
		Release|Any CPU = Release|Any CPU
	EndGlobalSection
	GlobalSection(ProjectConfigurationPlatforms) = postSolution
		{686F1F84-AF92-466F-83A5-4175EA237180}.Debug|Any CPU.ActiveCfg = Debug|Any CPU
		{686F1F84-AF92-466F-83A5-4175EA237180}.Debug|Any CPU.Build.0 = Debug|Any CPU
		{686F1F84-AF92-466F-83A5-4175EA237180}.Release|Any CPU.ActiveCfg = Release|Any CPU
		{686F1F84-AF92-466F-83A5-4175EA237180}.Release|Any CPU.Build.0 = Release|Any CPU
		{4591EC41-5CA0-430C-9827-11DCCEE8CD18}.Debug|Any CPU.ActiveCfg = Debug|Any CPU
		{4591EC41-5CA0-430C-9827-11DCCEE8CD18}.Debug|Any CPU.Build.0 = Debug|Any CPU
		{4591EC41-5CA0-430C-9827-11DCCEE8CD18}.Release|Any CPU.ActiveCfg = Release|Any CPU
		{4591EC41-5CA0-430C-9827-11DCCEE8CD18}.Release|Any CPU.Build.0 = Release|Any CPU
	EndGlobalSection
	GlobalSection(SolutionProperties) = preSolution
		HideSolutionNode = FALSE
	EndGlobalSection
	GlobalSection(ExtensibilityGlobals) = postSolution
		SolutionGuid = {A2FA6789-C78C-4DB2-9B8D-3BBC0E3D506D}
	EndGlobalSection
EndGlobal
